
Microsoft Visual Studio Solution File, Format Version 12.00
# Visual Studio 15
VisualStudioVersion = 15.0.28307.136
MinimumVisualStudioVersion = 10.0.40219.1
Project("{FAE04EC0-301F-11D3-BF4B-00C04F79EFBC}") = "AppOverview", "AppOverview\AppOverview.csproj", "{D66D21F5-F07D-4544-9E9C-AD3F55ECF33A}"
EndProject
Global
	GlobalSection(SolutionConfigurationPlatforms) = preSolution
		Debug|Any CPU = Debug|Any CPU
		Release|Any CPU = Release|Any CPU
	EndGlobalSection
	GlobalSection(ProjectConfigurationPlatforms) = postSolution
		{D66D21F5-F07D-4544-9E9C-AD3F55ECF33A}.Debug|Any CPU.ActiveCfg = Debug|Any CPU
		{D66D21F5-F07D-4544-9E9C-AD3F55ECF33A}.Debug|Any CPU.Build.0 = Debug|Any CPU
		{D66D21F5-F07D-4544-9E9C-AD3F55ECF33A}.Release|Any CPU.ActiveCfg = Release|Any CPU
		{D66D21F5-F07D-4544-9E9C-AD3F55ECF33A}.Release|Any CPU.Build.0 = Release|Any CPU
	EndGlobalSection
	GlobalSection(SolutionProperties) = preSolution
		HideSolutionNode = FALSE
	EndGlobalSection
	GlobalSection(ExtensibilityGlobals) = postSolution
		SolutionGuid = {CE5A95DE-0A46-4EFD-AA7D-614E1BC04071}
	EndGlobalSection
EndGlobal
